// !$*UTF8*$!
{
	archiveVersion = 1;
	classes = {
	};
	objectVersion = 50;
	objects = {

/* Begin PBXBuildFile section */
		7595E3B025AD6281001068F4 /* guitarTuner_watchOS WatchKit App.app in Embed Watch Content */ = {isa = PBXBuildFile; fileRef = 7595E3AF25AD6281001068F4 /* guitarTuner_watchOS WatchKit App.app */; settings = {ATTRIBUTES = (RemoveHeadersOnCopy, ); }; };
		7595E3B625AD6281001068F4 /* Interface.storyboard in Resources */ = {isa = PBXBuildFile; fileRef = 7595E3B425AD6281001068F4 /* Interface.storyboard */; };
		7595E3B825AD6284001068F4 /* Assets.xcassets in Resources */ = {isa = PBXBuildFile; fileRef = 7595E3B725AD6284001068F4 /* Assets.xcassets */; };
		7595E3BF25AD6284001068F4 /* guitarTuner_watchOS WatchKit Extension.appex in Embed App Extensions */ = {isa = PBXBuildFile; fileRef = 7595E3BE25AD6284001068F4 /* guitarTuner_watchOS WatchKit Extension.appex */; settings = {ATTRIBUTES = (RemoveHeadersOnCopy, ); }; };
		7595E3C425AD6284001068F4 /* HostingController.swift in Sources */ = {isa = PBXBuildFile; fileRef = 7595E3C325AD6284001068F4 /* HostingController.swift */; };
		7595E3C625AD6284001068F4 /* ContentView.swift in Sources */ = {isa = PBXBuildFile; fileRef = 7595E3C525AD6284001068F4 /* ContentView.swift */; };
		7595E3C825AD6284001068F4 /* ExtensionDelegate.swift in Sources */ = {isa = PBXBuildFile; fileRef = 7595E3C725AD6284001068F4 /* ExtensionDelegate.swift */; };
		7595E3CA25AD6284001068F4 /* NotificationController.swift in Sources */ = {isa = PBXBuildFile; fileRef = 7595E3C925AD6284001068F4 /* NotificationController.swift */; };
		7595E3CC25AD6284001068F4 /* NotificationView.swift in Sources */ = {isa = PBXBuildFile; fileRef = 7595E3CB25AD6284001068F4 /* NotificationView.swift */; };
		7595E3CE25AD6284001068F4 /* ComplicationController.swift in Sources */ = {isa = PBXBuildFile; fileRef = 7595E3CD25AD6284001068F4 /* ComplicationController.swift */; };
		7595E3D025AD6285001068F4 /* Assets.xcassets in Resources */ = {isa = PBXBuildFile; fileRef = 7595E3CF25AD6285001068F4 /* Assets.xcassets */; };
		7595E3D325AD6285001068F4 /* Preview Assets.xcassets in Resources */ = {isa = PBXBuildFile; fileRef = 7595E3D225AD6285001068F4 /* Preview Assets.xcassets */; };
		7595E3E725AD7CE5001068F4 /* TunerView.swift in Sources */ = {isa = PBXBuildFile; fileRef = 7595E3E625AD7CE5001068F4 /* TunerView.swift */; };
		7595E3F125AD83B4001068F4 /* Constants.swift in Sources */ = {isa = PBXBuildFile; fileRef = 7595E3F025AD83B4001068F4 /* Constants.swift */; };
/* End PBXBuildFile section */

/* Begin PBXContainerItemProxy section */
		7595E3B125AD6281001068F4 /* PBXContainerItemProxy */ = {
			isa = PBXContainerItemProxy;
			containerPortal = 7595E3A525AD6281001068F4 /* Project object */;
			proxyType = 1;
			remoteGlobalIDString = 7595E3AE25AD6281001068F4;
			remoteInfo = "guitarTuner_watchOS WatchKit App";
		};
		7595E3C025AD6284001068F4 /* PBXContainerItemProxy */ = {
			isa = PBXContainerItemProxy;
			containerPortal = 7595E3A525AD6281001068F4 /* Project object */;
			proxyType = 1;
			remoteGlobalIDString = 7595E3BD25AD6284001068F4;
			remoteInfo = "guitarTuner_watchOS WatchKit Extension";
		};
/* End PBXContainerItemProxy section */

/* Begin PBXCopyFilesBuildPhase section */
		7595E3DB25AD6285001068F4 /* Embed App Extensions */ = {
			isa = PBXCopyFilesBuildPhase;
			buildActionMask = 2147483647;
			dstPath = "";
			dstSubfolderSpec = 13;
			files = (
				7595E3BF25AD6284001068F4 /* guitarTuner_watchOS WatchKit Extension.appex in Embed App Extensions */,
			);
			name = "Embed App Extensions";
			runOnlyForDeploymentPostprocessing = 0;
		};
		7595E3DF25AD6285001068F4 /* Embed Watch Content */ = {
			isa = PBXCopyFilesBuildPhase;
			buildActionMask = 2147483647;
			dstPath = "$(CONTENTS_FOLDER_PATH)/Watch";
			dstSubfolderSpec = 16;
			files = (
				7595E3B025AD6281001068F4 /* guitarTuner_watchOS WatchKit App.app in Embed Watch Content */,
			);
			name = "Embed Watch Content";
			runOnlyForDeploymentPostprocessing = 0;
		};
/* End PBXCopyFilesBuildPhase section */

/* Begin PBXFileReference section */
		7595E3AB25AD6281001068F4 /* guitarTuner_watchOS.app */ = {isa = PBXFileReference; explicitFileType = wrapper.application; includeInIndex = 0; path = guitarTuner_watchOS.app; sourceTree = BUILT_PRODUCTS_DIR; };
		7595E3AF25AD6281001068F4 /* guitarTuner_watchOS WatchKit App.app */ = {isa = PBXFileReference; explicitFileType = wrapper.application; includeInIndex = 0; path = "guitarTuner_watchOS WatchKit App.app"; sourceTree = BUILT_PRODUCTS_DIR; };
		7595E3B525AD6281001068F4 /* Base */ = {isa = PBXFileReference; lastKnownFileType = file.storyboard; name = Base; path = Base.lproj/Interface.storyboard; sourceTree = "<group>"; };
		7595E3B725AD6284001068F4 /* Assets.xcassets */ = {isa = PBXFileReference; lastKnownFileType = folder.assetcatalog; path = Assets.xcassets; sourceTree = "<group>"; };
		7595E3B925AD6284001068F4 /* Info.plist */ = {isa = PBXFileReference; lastKnownFileType = text.plist.xml; path = Info.plist; sourceTree = "<group>"; };
		7595E3BE25AD6284001068F4 /* guitarTuner_watchOS WatchKit Extension.appex */ = {isa = PBXFileReference; explicitFileType = "wrapper.app-extension"; includeInIndex = 0; path = "guitarTuner_watchOS WatchKit Extension.appex"; sourceTree = BUILT_PRODUCTS_DIR; };
		7595E3C325AD6284001068F4 /* HostingController.swift */ = {isa = PBXFileReference; lastKnownFileType = sourcecode.swift; path = HostingController.swift; sourceTree = "<group>"; };
		7595E3C525AD6284001068F4 /* ContentView.swift */ = {isa = PBXFileReference; lastKnownFileType = sourcecode.swift; path = ContentView.swift; sourceTree = "<group>"; };
		7595E3C725AD6284001068F4 /* ExtensionDelegate.swift */ = {isa = PBXFileReference; lastKnownFileType = sourcecode.swift; path = ExtensionDelegate.swift; sourceTree = "<group>"; };
		7595E3C925AD6284001068F4 /* NotificationController.swift */ = {isa = PBXFileReference; lastKnownFileType = sourcecode.swift; path = NotificationController.swift; sourceTree = "<group>"; };
		7595E3CB25AD6284001068F4 /* NotificationView.swift */ = {isa = PBXFileReference; lastKnownFileType = sourcecode.swift; path = NotificationView.swift; sourceTree = "<group>"; };
		7595E3CD25AD6284001068F4 /* ComplicationController.swift */ = {isa = PBXFileReference; lastKnownFileType = sourcecode.swift; path = ComplicationController.swift; sourceTree = "<group>"; };
		7595E3CF25AD6285001068F4 /* Assets.xcassets */ = {isa = PBXFileReference; lastKnownFileType = folder.assetcatalog; path = Assets.xcassets; sourceTree = "<group>"; };
		7595E3D225AD6285001068F4 /* Preview Assets.xcassets */ = {isa = PBXFileReference; lastKnownFileType = folder.assetcatalog; path = "Preview Assets.xcassets"; sourceTree = "<group>"; };
		7595E3D425AD6285001068F4 /* Info.plist */ = {isa = PBXFileReference; lastKnownFileType = text.plist.xml; path = Info.plist; sourceTree = "<group>"; };
		7595E3D525AD6285001068F4 /* PushNotificationPayload.apns */ = {isa = PBXFileReference; lastKnownFileType = text; path = PushNotificationPayload.apns; sourceTree = "<group>"; };
		7595E3E625AD7CE5001068F4 /* TunerView.swift */ = {isa = PBXFileReference; lastKnownFileType = sourcecode.swift; path = TunerView.swift; sourceTree = "<group>"; };
		7595E3F025AD83B4001068F4 /* Constants.swift */ = {isa = PBXFileReference; lastKnownFileType = sourcecode.swift; path = Constants.swift; sourceTree = "<group>"; };
/* End PBXFileReference section */

/* Begin PBXFrameworksBuildPhase section */
		7595E3BB25AD6284001068F4 /* Frameworks */ = {
			isa = PBXFrameworksBuildPhase;
			buildActionMask = 2147483647;
			files = (
			);
			runOnlyForDeploymentPostprocessing = 0;
		};
/* End PBXFrameworksBuildPhase section */

/* Begin PBXGroup section */
		7595E3A425AD6281001068F4 = {
			isa = PBXGroup;
			children = (
				7595E3B325AD6281001068F4 /* guitarTuner_watchOS WatchKit App */,
				7595E3C225AD6284001068F4 /* guitarTuner_watchOS WatchKit Extension */,
				7595E3AC25AD6281001068F4 /* Products */,
			);
			sourceTree = "<group>";
		};
		7595E3AC25AD6281001068F4 /* Products */ = {
			isa = PBXGroup;
			children = (
				7595E3AB25AD6281001068F4 /* guitarTuner_watchOS.app */,
				7595E3AF25AD6281001068F4 /* guitarTuner_watchOS WatchKit App.app */,
				7595E3BE25AD6284001068F4 /* guitarTuner_watchOS WatchKit Extension.appex */,
			);
			name = Products;
			sourceTree = "<group>";
		};
		7595E3B325AD6281001068F4 /* guitarTuner_watchOS WatchKit App */ = {
			isa = PBXGroup;
			children = (
				7595E3B425AD6281001068F4 /* Interface.storyboard */,
				7595E3B725AD6284001068F4 /* Assets.xcassets */,
				7595E3B925AD6284001068F4 /* Info.plist */,
			);
			path = "guitarTuner_watchOS WatchKit App";
			sourceTree = "<group>";
		};
		7595E3C225AD6284001068F4 /* guitarTuner_watchOS WatchKit Extension */ = {
			isa = PBXGroup;
			children = (
				7595E3C325AD6284001068F4 /* HostingController.swift */,
				7595E3C525AD6284001068F4 /* ContentView.swift */,
				7595E3E625AD7CE5001068F4 /* TunerView.swift */,
				7595E3C725AD6284001068F4 /* ExtensionDelegate.swift */,
				7595E3C925AD6284001068F4 /* NotificationController.swift */,
				7595E3CB25AD6284001068F4 /* NotificationView.swift */,
				7595E3CD25AD6284001068F4 /* ComplicationController.swift */,
				7595E3F025AD83B4001068F4 /* Constants.swift */,
				7595E3CF25AD6285001068F4 /* Assets.xcassets */,
				7595E3D425AD6285001068F4 /* Info.plist */,
				7595E3D525AD6285001068F4 /* PushNotificationPayload.apns */,
				7595E3D125AD6285001068F4 /* Preview Content */,
			);
			path = "guitarTuner_watchOS WatchKit Extension";
			sourceTree = "<group>";
		};
		7595E3D125AD6285001068F4 /* Preview Content */ = {
			isa = PBXGroup;
			children = (
				7595E3D225AD6285001068F4 /* Preview Assets.xcassets */,
			);
			path = "Preview Content";
			sourceTree = "<group>";
		};
/* End PBXGroup section */

/* Begin PBXNativeTarget section */
		7595E3AA25AD6281001068F4 /* guitarTuner_watchOS */ = {
			isa = PBXNativeTarget;
			buildConfigurationList = 7595E3E025AD6285001068F4 /* Build configuration list for PBXNativeTarget "guitarTuner_watchOS" */;
			buildPhases = (
				7595E3A925AD6281001068F4 /* Resources */,
				7595E3DF25AD6285001068F4 /* Embed Watch Content */,
			);
			buildRules = (
			);
			dependencies = (
				7595E3B225AD6281001068F4 /* PBXTargetDependency */,
			);
			name = guitarTuner_watchOS;
			productName = guitarTuner_watchOS;
			productReference = 7595E3AB25AD6281001068F4 /* guitarTuner_watchOS.app */;
			productType = "com.apple.product-type.application.watchapp2-container";
		};
		7595E3AE25AD6281001068F4 /* guitarTuner_watchOS WatchKit App */ = {
			isa = PBXNativeTarget;
			buildConfigurationList = 7595E3DC25AD6285001068F4 /* Build configuration list for PBXNativeTarget "guitarTuner_watchOS WatchKit App" */;
			buildPhases = (
				7595E3AD25AD6281001068F4 /* Resources */,
				7595E3DB25AD6285001068F4 /* Embed App Extensions */,
			);
			buildRules = (
			);
			dependencies = (
				7595E3C125AD6284001068F4 /* PBXTargetDependency */,
			);
			name = "guitarTuner_watchOS WatchKit App";
			productName = "guitarTuner_watchOS WatchKit App";
			productReference = 7595E3AF25AD6281001068F4 /* guitarTuner_watchOS WatchKit App.app */;
			productType = "com.apple.product-type.application.watchapp2";
		};
		7595E3BD25AD6284001068F4 /* guitarTuner_watchOS WatchKit Extension */ = {
			isa = PBXNativeTarget;
			buildConfigurationList = 7595E3D825AD6285001068F4 /* Build configuration list for PBXNativeTarget "guitarTuner_watchOS WatchKit Extension" */;
			buildPhases = (
				7595E3BA25AD6284001068F4 /* Sources */,
				7595E3BB25AD6284001068F4 /* Frameworks */,
				7595E3BC25AD6284001068F4 /* Resources */,
			);
			buildRules = (
			);
			dependencies = (
			);
			name = "guitarTuner_watchOS WatchKit Extension";
			productName = "guitarTuner_watchOS WatchKit Extension";
			productReference = 7595E3BE25AD6284001068F4 /* guitarTuner_watchOS WatchKit Extension.appex */;
			productType = "com.apple.product-type.watchkit2-extension";
		};
/* End PBXNativeTarget section */

/* Begin PBXProject section */
		7595E3A525AD6281001068F4 /* Project object */ = {
			isa = PBXProject;
			attributes = {
				LastSwiftUpdateCheck = 1210;
				LastUpgradeCheck = 1210;
				TargetAttributes = {
					7595E3AA25AD6281001068F4 = {
						CreatedOnToolsVersion = 12.1;
					};
					7595E3AE25AD6281001068F4 = {
						CreatedOnToolsVersion = 12.1;
					};
					7595E3BD25AD6284001068F4 = {
						CreatedOnToolsVersion = 12.1;
					};
				};
			};
			buildConfigurationList = 7595E3A825AD6281001068F4 /* Build configuration list for PBXProject "guitarTuner_watchOS" */;
			compatibilityVersion = "Xcode 9.3";
			developmentRegion = en;
			hasScannedForEncodings = 0;
			knownRegions = (
				en,
				Base,
			);
			mainGroup = 7595E3A425AD6281001068F4;
			productRefGroup = 7595E3AC25AD6281001068F4 /* Products */;
			projectDirPath = "";
			projectRoot = "";
			targets = (
				7595E3AA25AD6281001068F4 /* guitarTuner_watchOS */,
				7595E3AE25AD6281001068F4 /* guitarTuner_watchOS WatchKit App */,
				7595E3BD25AD6284001068F4 /* guitarTuner_watchOS WatchKit Extension */,
			);
		};
/* End PBXProject section */

/* Begin PBXResourcesBuildPhase section */
		7595E3A925AD6281001068F4 /* Resources */ = {
			isa = PBXResourcesBuildPhase;
			buildActionMask = 2147483647;
			files = (
			);
			runOnlyForDeploymentPostprocessing = 0;
		};
		7595E3AD25AD6281001068F4 /* Resources */ = {
			isa = PBXResourcesBuildPhase;
			buildActionMask = 2147483647;
			files = (
				7595E3B825AD6284001068F4 /* Assets.xcassets in Resources */,
				7595E3B625AD6281001068F4 /* Interface.storyboard in Resources */,
			);
			runOnlyForDeploymentPostprocessing = 0;
		};
		7595E3BC25AD6284001068F4 /* Resources */ = {
			isa = PBXResourcesBuildPhase;
			buildActionMask = 2147483647;
			files = (
				7595E3D325AD6285001068F4 /* Preview Assets.xcassets in Resources */,
				7595E3D025AD6285001068F4 /* Assets.xcassets in Resources */,
			);
			runOnlyForDeploymentPostprocessing = 0;
		};
/* End PBXResourcesBuildPhase section */

/* Begin PBXSourcesBuildPhase section */
		7595E3BA25AD6284001068F4 /* Sources */ = {
			isa = PBXSourcesBuildPhase;
			buildActionMask = 2147483647;
			files = (
				7595E3E725AD7CE5001068F4 /* TunerView.swift in Sources */,
				7595E3C625AD6284001068F4 /* ContentView.swift in Sources */,
				7595E3C425AD6284001068F4 /* HostingController.swift in Sources */,
				7595E3CA25AD6284001068F4 /* NotificationController.swift in Sources */,
				7595E3C825AD6284001068F4 /* ExtensionDelegate.swift in Sources */,
				7595E3CC25AD6284001068F4 /* NotificationView.swift in Sources */,
				7595E3CE25AD6284001068F4 /* ComplicationController.swift in Sources */,
				7595E3F125AD83B4001068F4 /* Constants.swift in Sources */,
			);
			runOnlyForDeploymentPostprocessing = 0;
		};
/* End PBXSourcesBuildPhase section */

/* Begin PBXTargetDependency section */
		7595E3B225AD6281001068F4 /* PBXTargetDependency */ = {
			isa = PBXTargetDependency;
			target = 7595E3AE25AD6281001068F4 /* guitarTuner_watchOS WatchKit App */;
			targetProxy = 7595E3B125AD6281001068F4 /* PBXContainerItemProxy */;
		};
		7595E3C125AD6284001068F4 /* PBXTargetDependency */ = {
			isa = PBXTargetDependency;
			target = 7595E3BD25AD6284001068F4 /* guitarTuner_watchOS WatchKit Extension */;
			targetProxy = 7595E3C025AD6284001068F4 /* PBXContainerItemProxy */;
		};
/* End PBXTargetDependency section */

/* Begin PBXVariantGroup section */
		7595E3B425AD6281001068F4 /* Interface.storyboard */ = {
			isa = PBXVariantGroup;
			children = (
				7595E3B525AD6281001068F4 /* Base */,
			);
			name = Interface.storyboard;
			sourceTree = "<group>";
		};
/* End PBXVariantGroup section */

/* Begin XCBuildConfiguration section */
		7595E3D625AD6285001068F4 /* Debug */ = {
			isa = XCBuildConfiguration;
			buildSettings = {
				ALWAYS_SEARCH_USER_PATHS = NO;
				CLANG_ANALYZER_NONNULL = YES;
				CLANG_ANALYZER_NUMBER_OBJECT_CONVERSION = YES_AGGRESSIVE;
				CLANG_CXX_LANGUAGE_STANDARD = "gnu++14";
				CLANG_CXX_LIBRARY = "libc++";
				CLANG_ENABLE_MODULES = YES;
				CLANG_ENABLE_OBJC_ARC = YES;
				CLANG_ENABLE_OBJC_WEAK = YES;
				CLANG_WARN_BLOCK_CAPTURE_AUTORELEASING = YES;
				CLANG_WARN_BOOL_CONVERSION = YES;
				CLANG_WARN_COMMA = YES;
				CLANG_WARN_CONSTANT_CONVERSION = YES;
				CLANG_WARN_DEPRECATED_OBJC_IMPLEMENTATIONS = YES;
				CLANG_WARN_DIRECT_OBJC_ISA_USAGE = YES_ERROR;
				CLANG_WARN_DOCUMENTATION_COMMENTS = YES;
				CLANG_WARN_EMPTY_BODY = YES;
				CLANG_WARN_ENUM_CONVERSION = YES;
				CLANG_WARN_INFINITE_RECURSION = YES;
				CLANG_WARN_INT_CONVERSION = YES;
				CLANG_WARN_NON_LITERAL_NULL_CONVERSION = YES;
				CLANG_WARN_OBJC_IMPLICIT_RETAIN_SELF = YES;
				CLANG_WARN_OBJC_LITERAL_CONVERSION = YES;
				CLANG_WARN_OBJC_ROOT_CLASS = YES_ERROR;
				CLANG_WARN_QUOTED_INCLUDE_IN_FRAMEWORK_HEADER = YES;
				CLANG_WARN_RANGE_LOOP_ANALYSIS = YES;
				CLANG_WARN_STRICT_PROTOTYPES = YES;
				CLANG_WARN_SUSPICIOUS_MOVE = YES;
				CLANG_WARN_UNGUARDED_AVAILABILITY = YES_AGGRESSIVE;
				CLANG_WARN_UNREACHABLE_CODE = YES;
				CLANG_WARN__DUPLICATE_METHOD_MATCH = YES;
				COPY_PHASE_STRIP = NO;
				DEBUG_INFORMATION_FORMAT = dwarf;
				ENABLE_STRICT_OBJC_MSGSEND = YES;
				ENABLE_TESTABILITY = YES;
				GCC_C_LANGUAGE_STANDARD = gnu11;
				GCC_DYNAMIC_NO_PIC = NO;
				GCC_NO_COMMON_BLOCKS = YES;
				GCC_OPTIMIZATION_LEVEL = 0;
				GCC_PREPROCESSOR_DEFINITIONS = (
					"DEBUG=1",
					"$(inherited)",
				);
				GCC_WARN_64_TO_32_BIT_CONVERSION = YES;
				GCC_WARN_ABOUT_RETURN_TYPE = YES_ERROR;
				GCC_WARN_UNDECLARED_SELECTOR = YES;
				GCC_WARN_UNINITIALIZED_AUTOS = YES_AGGRESSIVE;
				GCC_WARN_UNUSED_FUNCTION = YES;
				GCC_WARN_UNUSED_VARIABLE = YES;
				MTL_ENABLE_DEBUG_INFO = INCLUDE_SOURCE;
				MTL_FAST_MATH = YES;
				ONLY_ACTIVE_ARCH = YES;
				SDKROOT = iphoneos;
				SWIFT_ACTIVE_COMPILATION_CONDITIONS = DEBUG;
				SWIFT_OPTIMIZATION_LEVEL = "-Onone";
			};
			name = Debug;
		};
		7595E3D725AD6285001068F4 /* Release */ = {
			isa = XCBuildConfiguration;
			buildSettings = {
				ALWAYS_SEARCH_USER_PATHS = NO;
				CLANG_ANALYZER_NONNULL = YES;
				CLANG_ANALYZER_NUMBER_OBJECT_CONVERSION = YES_AGGRESSIVE;
				CLANG_CXX_LANGUAGE_STANDARD = "gnu++14";
				CLANG_CXX_LIBRARY = "libc++";
				CLANG_ENABLE_MODULES = YES;
				CLANG_ENABLE_OBJC_ARC = YES;
				CLANG_ENABLE_OBJC_WEAK = YES;
				CLANG_WARN_BLOCK_CAPTURE_AUTORELEASING = YES;
				CLANG_WARN_BOOL_CONVERSION = YES;
				CLANG_WARN_COMMA = YES;
				CLANG_WARN_CONSTANT_CONVERSION = YES;
				CLANG_WARN_DEPRECATED_OBJC_IMPLEMENTATIONS = YES;
				CLANG_WARN_DIRECT_OBJC_ISA_USAGE = YES_ERROR;
				CLANG_WARN_DOCUMENTATION_COMMENTS = YES;
				CLANG_WARN_EMPTY_BODY = YES;
				CLANG_WARN_ENUM_CONVERSION = YES;
				CLANG_WARN_INFINITE_RECURSION = YES;
				CLANG_WARN_INT_CONVERSION = YES;
				CLANG_WARN_NON_LITERAL_NULL_CONVERSION = YES;
				CLANG_WARN_OBJC_IMPLICIT_RETAIN_SELF = YES;
				CLANG_WARN_OBJC_LITERAL_CONVERSION = YES;
				CLANG_WARN_OBJC_ROOT_CLASS = YES_ERROR;
				CLANG_WARN_QUOTED_INCLUDE_IN_FRAMEWORK_HEADER = YES;
				CLANG_WARN_RANGE_LOOP_ANALYSIS = YES;
				CLANG_WARN_STRICT_PROTOTYPES = YES;
				CLANG_WARN_SUSPICIOUS_MOVE = YES;
				CLANG_WARN_UNGUARDED_AVAILABILITY = YES_AGGRESSIVE;
				CLANG_WARN_UNREACHABLE_CODE = YES;
				CLANG_WARN__DUPLICATE_METHOD_MATCH = YES;
				COPY_PHASE_STRIP = NO;
				DEBUG_INFORMATION_FORMAT = "dwarf-with-dsym";
				ENABLE_NS_ASSERTIONS = NO;
				ENABLE_STRICT_OBJC_MSGSEND = YES;
				GCC_C_LANGUAGE_STANDARD = gnu11;
				GCC_NO_COMMON_BLOCKS = YES;
				GCC_WARN_64_TO_32_BIT_CONVERSION = YES;
				GCC_WARN_ABOUT_RETURN_TYPE = YES_ERROR;
				GCC_WARN_UNDECLARED_SELECTOR = YES;
				GCC_WARN_UNINITIALIZED_AUTOS = YES_AGGRESSIVE;
				GCC_WARN_UNUSED_FUNCTION = YES;
				GCC_WARN_UNUSED_VARIABLE = YES;
				MTL_ENABLE_DEBUG_INFO = NO;
				MTL_FAST_MATH = YES;
				SDKROOT = iphoneos;
				SWIFT_COMPILATION_MODE = wholemodule;
				SWIFT_OPTIMIZATION_LEVEL = "-O";
				VALIDATE_PRODUCT = YES;
			};
			name = Release;
		};
		7595E3D925AD6285001068F4 /* Debug */ = {
			isa = XCBuildConfiguration;
			buildSettings = {
				ASSETCATALOG_COMPILER_COMPLICATION_NAME = Complication;
				CODE_SIGN_STYLE = Automatic;
				DEVELOPMENT_ASSET_PATHS = "\"guitarTuner_watchOS WatchKit Extension/Preview Content\"";
				DEVELOPMENT_TEAM = KNKN54A4FZ;
				ENABLE_PREVIEWS = YES;
				INFOPLIST_FILE = "guitarTuner_watchOS WatchKit Extension/Info.plist";
				LD_RUNPATH_SEARCH_PATHS = (
					"$(inherited)",
					"@executable_path/Frameworks",
					"@executable_path/../../Frameworks",
				);
				PRODUCT_BUNDLE_IDENTIFIER = "com.clarencechan.guitarTuner-watchOS.watchkitapp.watchkitextension";
				PRODUCT_NAME = "${TARGET_NAME}";
				SDKROOT = watchos;
				SKIP_INSTALL = YES;
				SWIFT_VERSION = 5.0;
				TARGETED_DEVICE_FAMILY = 4;
				WATCHOS_DEPLOYMENT_TARGET = 7.0;
			};
			name = Debug;
		};
		7595E3DA25AD6285001068F4 /* Release */ = {
			isa = XCBuildConfiguration;
			buildSettings = {
				ASSETCATALOG_COMPILER_COMPLICATION_NAME = Complication;
				CODE_SIGN_STYLE = Automatic;
				DEVELOPMENT_ASSET_PATHS = "\"guitarTuner_watchOS WatchKit Extension/Preview Content\"";
				DEVELOPMENT_TEAM = KNKN54A4FZ;
				ENABLE_PREVIEWS = YES;
				INFOPLIST_FILE = "guitarTuner_watchOS WatchKit Extension/Info.plist";
				LD_RUNPATH_SEARCH_PATHS = (
					"$(inherited)",
					"@executable_path/Frameworks",
					"@executable_path/../../Frameworks",
				);
				PRODUCT_BUNDLE_IDENTIFIER = "com.clarencechan.guitarTuner-watchOS.watchkitapp.watchkitextension";
				PRODUCT_NAME = "${TARGET_NAME}";
				SDKROOT = watchos;
				SKIP_INSTALL = YES;
				SWIFT_VERSION = 5.0;
				TARGETED_DEVICE_FAMILY = 4;
				WATCHOS_DEPLOYMENT_TARGET = 7.0;
			};
			name = Release;
		};
		7595E3DD25AD6285001068F4 /* Debug */ = {
			isa = XCBuildConfiguration;
			buildSettings = {
				ALWAYS_EMBED_SWIFT_STANDARD_LIBRARIES = YES;
				ASSETCATALOG_COMPILER_APPICON_NAME = AppIcon;
				ASSETCATALOG_COMPILER_GLOBAL_ACCENT_COLOR_NAME = AccentColor;
				CODE_SIGN_STYLE = Automatic;
				DEVELOPMENT_TEAM = KNKN54A4FZ;
				IBSC_MODULE = guitarTuner_watchOS_WatchKit_Extension;
				INFOPLIST_FILE = "guitarTuner_watchOS WatchKit App/Info.plist";
				PRODUCT_BUNDLE_IDENTIFIER = "com.clarencechan.guitarTuner-watchOS.watchkitapp";
				PRODUCT_NAME = "$(TARGET_NAME)";
				SDKROOT = watchos;
				SKIP_INSTALL = YES;
				SWIFT_VERSION = 5.0;
				TARGETED_DEVICE_FAMILY = 4;
				WATCHOS_DEPLOYMENT_TARGET = 7.0;
			};
			name = Debug;
		};
		7595E3DE25AD6285001068F4 /* Release */ = {
			isa = XCBuildConfiguration;
			buildSettings = {
				ALWAYS_EMBED_SWIFT_STANDARD_LIBRARIES = YES;
				ASSETCATALOG_COMPILER_APPICON_NAME = AppIcon;
				ASSETCATALOG_COMPILER_GLOBAL_ACCENT_COLOR_NAME = AccentColor;
				CODE_SIGN_STYLE = Automatic;
				DEVELOPMENT_TEAM = KNKN54A4FZ;
				IBSC_MODULE = guitarTuner_watchOS_WatchKit_Extension;
				INFOPLIST_FILE = "guitarTuner_watchOS WatchKit App/Info.plist";
				PRODUCT_BUNDLE_IDENTIFIER = "com.clarencechan.guitarTuner-watchOS.watchkitapp";
				PRODUCT_NAME = "$(TARGET_NAME)";
				SDKROOT = watchos;
				SKIP_INSTALL = YES;
				SWIFT_VERSION = 5.0;
				TARGETED_DEVICE_FAMILY = 4;
				WATCHOS_DEPLOYMENT_TARGET = 7.0;
			};
			name = Release;
		};
		7595E3E125AD6285001068F4 /* Debug */ = {
			isa = XCBuildConfiguration;
			buildSettings = {
				CODE_SIGN_STYLE = Automatic;
				CURRENT_PROJECT_VERSION = 1;
				DEVELOPMENT_TEAM = KNKN54A4FZ;
				MARKETING_VERSION = 1.0;
				PRODUCT_BUNDLE_IDENTIFIER = "com.clarencechan.guitarTuner-watchOS";
				PRODUCT_NAME = "$(TARGET_NAME)";
				SWIFT_VERSION = 5.0;
			};
			name = Debug;
		};
		7595E3E225AD6285001068F4 /* Release */ = {
			isa = XCBuildConfiguration;
			buildSettings = {
				CODE_SIGN_STYLE = Automatic;
				CURRENT_PROJECT_VERSION = 1;
				DEVELOPMENT_TEAM = KNKN54A4FZ;
				MARKETING_VERSION = 1.0;
				PRODUCT_BUNDLE_IDENTIFIER = "com.clarencechan.guitarTuner-watchOS";
				PRODUCT_NAME = "$(TARGET_NAME)";
				SWIFT_VERSION = 5.0;
			};
			name = Release;
		};
/* End XCBuildConfiguration section */

/* Begin XCConfigurationList section */
		7595E3A825AD6281001068F4 /* Build configuration list for PBXProject "guitarTuner_watchOS" */ = {
			isa = XCConfigurationList;
			buildConfigurations = (
				7595E3D625AD6285001068F4 /* Debug */,
				7595E3D725AD6285001068F4 /* Release */,
			);
			defaultConfigurationIsVisible = 0;
			defaultConfigurationName = Release;
		};
		7595E3D825AD6285001068F4 /* Build configuration list for PBXNativeTarget "guitarTuner_watchOS WatchKit Extension" */ = {
			isa = XCConfigurationList;
			buildConfigurations = (
				7595E3D925AD6285001068F4 /* Debug */,
				7595E3DA25AD6285001068F4 /* Release */,
			);
			defaultConfigurationIsVisible = 0;
			defaultConfigurationName = Release;
		};
		7595E3DC25AD6285001068F4 /* Build configuration list for PBXNativeTarget "guitarTuner_watchOS WatchKit App" */ = {
			isa = XCConfigurationList;
			buildConfigurations = (
				7595E3DD25AD6285001068F4 /* Debug */,
				7595E3DE25AD6285001068F4 /* Release */,
			);
			defaultConfigurationIsVisible = 0;
			defaultConfigurationName = Release;
		};
		7595E3E025AD6285001068F4 /* Build configuration list for PBXNativeTarget "guitarTuner_watchOS" */ = {
			isa = XCConfigurationList;
			buildConfigurations = (
				7595E3E125AD6285001068F4 /* Debug */,
				7595E3E225AD6285001068F4 /* Release */,
			);
			defaultConfigurationIsVisible = 0;
			defaultConfigurationName = Release;
		};
/* End XCConfigurationList section */
	};
	rootObject = 7595E3A525AD6281001068F4 /* Project object */;
}
